
Microsoft Visual Studio Solution File, Format Version 12.00
# Visual Studio Version 17
VisualStudioVersion = 17.4.33205.214
MinimumVisualStudioVersion = 10.0.40219.1
Project("{FAE04EC0-301F-11D3-BF4B-00C04F79EFBC}") = "StepInto2DIndexingCallExpressionBodiedMemberBugDemo", "StepInto2DIndexingCallExpressionBodiedMemberBugDemo\StepInto2DIndexingCallExpressionBodiedMemberBugDemo.csproj", "{F8671A06-8D7F-4EC8-8B49-FDB40C5C9AA8}"
EndProject
Global
	GlobalSection(SolutionConfigurationPlatforms) = preSolution
		Debug|Any CPU = Debug|Any CPU
		Release|Any CPU = Release|Any CPU
	EndGlobalSection
	GlobalSection(ProjectConfigurationPlatforms) = postSolution
		{F8671A06-8D7F-4EC8-8B49-FDB40C5C9AA8}.Debug|Any CPU.ActiveCfg = Debug|Any CPU
		{F8671A06-8D7F-4EC8-8B49-FDB40C5C9AA8}.Debug|Any CPU.Build.0 = Debug|Any CPU
		{F8671A06-8D7F-4EC8-8B49-FDB40C5C9AA8}.Release|Any CPU.ActiveCfg = Release|Any CPU
		{F8671A06-8D7F-4EC8-8B49-FDB40C5C9AA8}.Release|Any CPU.Build.0 = Release|Any CPU
	EndGlobalSection
	GlobalSection(SolutionProperties) = preSolution
		HideSolutionNode = FALSE
	EndGlobalSection
	GlobalSection(ExtensibilityGlobals) = postSolution
		SolutionGuid = {8E115572-32A1-42FF-9396-69144123E727}
	EndGlobalSection
EndGlobal
